
Microsoft Visual Studio Solution File, Format Version 12.00
# Visual Studio Version 16
VisualStudioVersion = 16.0.28531.58
MinimumVisualStudioVersion = 10.0.40219.1
Project("{FAE04EC0-301F-11D3-BF4B-00C04F79EFBC}") = "SistemaProg4", "SistemaProg4\SistemaProg4.csproj", "{41A8F7C1-04C6-4AD9-AFC9-6E871F5F1066}"
EndProject
Global
	GlobalSection(SolutionConfigurationPlatforms) = preSolution
		Debug|Any CPU = Debug|Any CPU
		Release|Any CPU = Release|Any CPU
	EndGlobalSection
	GlobalSection(ProjectConfigurationPlatforms) = postSolution
		{41A8F7C1-04C6-4AD9-AFC9-6E871F5F1066}.Debug|Any CPU.ActiveCfg = Debug|Any CPU
		{41A8F7C1-04C6-4AD9-AFC9-6E871F5F1066}.Debug|Any CPU.Build.0 = Debug|Any CPU
		{41A8F7C1-04C6-4AD9-AFC9-6E871F5F1066}.Release|Any CPU.ActiveCfg = Release|Any CPU
		{41A8F7C1-04C6-4AD9-AFC9-6E871F5F1066}.Release|Any CPU.Build.0 = Release|Any CPU
	EndGlobalSection
	GlobalSection(SolutionProperties) = preSolution
		HideSolutionNode = FALSE
	EndGlobalSection
	GlobalSection(ExtensibilityGlobals) = postSolution
		SolutionGuid = {18EEA313-6FF3-465C-B463-FB01DD71EAA7}
	EndGlobalSection
EndGlobal
